
Microsoft Visual Studio Solution File, Format Version 12.00
# Visual Studio Version 17
VisualStudioVersion = 17.7.34024.191
MinimumVisualStudioVersion = 10.0.40219.1
Project("{FAE04EC0-301F-11D3-BF4B-00C04F79EFBC}") = "RecruitCatBechmanaAssignment", "RecruitCatBechmanaAssignment\RecruitCatBechmanaAssignment.csproj", "{96DFDD83-C027-4590-9CD2-C5BC38056E81}"
EndProject
Global
	GlobalSection(SolutionConfigurationPlatforms) = preSolution
		Debug|Any CPU = Debug|Any CPU
		Release|Any CPU = Release|Any CPU
	EndGlobalSection
	GlobalSection(ProjectConfigurationPlatforms) = postSolution
		{96DFDD83-C027-4590-9CD2-C5BC38056E81}.Debug|Any CPU.ActiveCfg = Debug|Any CPU
		{96DFDD83-C027-4590-9CD2-C5BC38056E81}.Debug|Any CPU.Build.0 = Debug|Any CPU
		{96DFDD83-C027-4590-9CD2-C5BC38056E81}.Release|Any CPU.ActiveCfg = Release|Any CPU
		{96DFDD83-C027-4590-9CD2-C5BC38056E81}.Release|Any CPU.Build.0 = Release|Any CPU
	EndGlobalSection
	GlobalSection(SolutionProperties) = preSolution
		HideSolutionNode = FALSE
	EndGlobalSection
	GlobalSection(ExtensibilityGlobals) = postSolution
		SolutionGuid = {DB96F4E5-1339-4A71-A880-7117CE7E6D9D}
	EndGlobalSection
EndGlobal
